// !$*UTF8*$!
{
	archiveVersion = 1;
	classes = {
	};
	objectVersion = 46;
	objects = {

/* Begin PBXBuildFile section */
		19572F2A1DF14CAC00E342A7 /* AFHTTPSessionManager.m in Sources */ = {isa = PBXBuildFile; fileRef = 19572F091DF14CAC00E342A7 /* AFHTTPSessionManager.m */; };
		19572F2B1DF14CAC00E342A7 /* AFNetworkReachabilityManager.m in Sources */ = {isa = PBXBuildFile; fileRef = 19572F0C1DF14CAC00E342A7 /* AFNetworkReachabilityManager.m */; };
		19572F2C1DF14CAC00E342A7 /* AFSecurityPolicy.m in Sources */ = {isa = PBXBuildFile; fileRef = 19572F0E1DF14CAC00E342A7 /* AFSecurityPolicy.m */; };
		19572F2D1DF14CAC00E342A7 /* AFURLRequestSerialization.m in Sources */ = {isa = PBXBuildFile; fileRef = 19572F101DF14CAC00E342A7 /* AFURLRequestSerialization.m */; };
		19572F2E1DF14CAC00E342A7 /* AFURLResponseSerialization.m in Sources */ = {isa = PBXBuildFile; fileRef = 19572F121DF14CAC00E342A7 /* AFURLResponseSerialization.m */; };
		19572F2F1DF14CAC00E342A7 /* AFURLSessionManager.m in Sources */ = {isa = PBXBuildFile; fileRef = 19572F141DF14CAC00E342A7 /* AFURLSessionManager.m */; };
		19572F301DF14CAC00E342A7 /* AFAutoPurgingImageCache.m in Sources */ = {isa = PBXBuildFile; fileRef = 19572F171DF14CAC00E342A7 /* AFAutoPurgingImageCache.m */; };
		19572F311DF14CAC00E342A7 /* AFImageDownloader.m in Sources */ = {isa = PBXBuildFile; fileRef = 19572F191DF14CAC00E342A7 /* AFImageDownloader.m */; };
		19572F321DF14CAC00E342A7 /* AFNetworkActivityIndicatorManager.m in Sources */ = {isa = PBXBuildFile; fileRef = 19572F1B1DF14CAC00E342A7 /* AFNetworkActivityIndicatorManager.m */; };
		19572F331DF14CAC00E342A7 /* UIActivityIndicatorView+AFNetworking.m in Sources */ = {isa = PBXBuildFile; fileRef = 19572F1D1DF14CAC00E342A7 /* UIActivityIndicatorView+AFNetworking.m */; };
		19572F341DF14CAC00E342A7 /* UIButton+AFNetworking.m in Sources */ = {isa = PBXBuildFile; fileRef = 19572F1F1DF14CAC00E342A7 /* UIButton+AFNetworking.m */; };
		19572F351DF14CAC00E342A7 /* UIImageView+AFNetworking.m in Sources */ = {isa = PBXBuildFile; fileRef = 19572F221DF14CAC00E342A7 /* UIImageView+AFNetworking.m */; };
		19572F361DF14CAC00E342A7 /* UIProgressView+AFNetworking.m in Sources */ = {isa = PBXBuildFile; fileRef = 19572F251DF14CAC00E342A7 /* UIProgressView+AFNetworking.m */; };
		19572F371DF14CAC00E342A7 /* UIRefreshControl+AFNetworking.m in Sources */ = {isa = PBXBuildFile; fileRef = 19572F271DF14CAC00E342A7 /* UIRefreshControl+AFNetworking.m */; };
		19572F381DF14CAC00E342A7 /* UIWebView+AFNetworking.m in Sources */ = {isa = PBXBuildFile; fileRef = 19572F291DF14CAC00E342A7 /* UIWebView+AFNetworking.m */; };
		B1411D571DDCB42B0071AD4E /* main.m in Sources */ = {isa = PBXBuildFile; fileRef = B1411D561DDCB42B0071AD4E /* main.m */; };
		B1411D5A1DDCB42B0071AD4E /* AppDelegate.m in Sources */ = {isa = PBXBuildFile; fileRef = B1411D591DDCB42B0071AD4E /* AppDelegate.m */; };
		B1411D5D1DDCB42B0071AD4E /* ViewController.m in Sources */ = {isa = PBXBuildFile; fileRef = B1411D5C1DDCB42B0071AD4E /* ViewController.m */; };
		B1411D601DDCB42B0071AD4E /* Main.storyboard in Resources */ = {isa = PBXBuildFile; fileRef = B1411D5E1DDCB42B0071AD4E /* Main.storyboard */; };
		B1411D621DDCB42B0071AD4E /* Assets.xcassets in Resources */ = {isa = PBXBuildFile; fileRef = B1411D611DDCB42B0071AD4E /* Assets.xcassets */; };
		B1411D651DDCB42B0071AD4E /* LaunchScreen.storyboard in Resources */ = {isa = PBXBuildFile; fileRef = B1411D631DDCB42B0071AD4E /* LaunchScreen.storyboard */; };
		B1411D701DDCB42B0071AD4E /* MXNetWorkToolTests.m in Sources */ = {isa = PBXBuildFile; fileRef = B1411D6F1DDCB42B0071AD4E /* MXNetWorkToolTests.m */; };
		B1411D7B1DDCB42B0071AD4E /* MXNetWorkToolUITests.m in Sources */ = {isa = PBXBuildFile; fileRef = B1411D7A1DDCB42B0071AD4E /* MXNetWorkToolUITests.m */; };
		B1411DB41DDCB46C0071AD4E /* MXNetWorkTool.m in Sources */ = {isa = PBXBuildFile; fileRef = B1411D981DDCB46C0071AD4E /* MXNetWorkTool.m */; };
/* End PBXBuildFile section */

/* Begin PBXContainerItemProxy section */
		B1411D6C1DDCB42B0071AD4E /* PBXContainerItemProxy */ = {
			isa = PBXContainerItemProxy;
			containerPortal = B1411D4A1DDCB42B0071AD4E /* Project object */;
			proxyType = 1;
			remoteGlobalIDString = B1411D511DDCB42B0071AD4E;
			remoteInfo = MXNetWorkTool;
		};
		B1411D771DDCB42B0071AD4E /* PBXContainerItemProxy */ = {
			isa = PBXContainerItemProxy;
			containerPortal = B1411D4A1DDCB42B0071AD4E /* Project object */;
			proxyType = 1;
			remoteGlobalIDString = B1411D511DDCB42B0071AD4E;
			remoteInfo = MXNetWorkTool;
		};
/* End PBXContainerItemProxy section */

/* Begin PBXFileReference section */
		1955599C1DE588B7005C90A5 /* MXNetConfig.h */ = {isa = PBXFileReference; fileEncoding = 4; lastKnownFileType = sourcecode.c.h; path = MXNetConfig.h; sourceTree = "<group>"; };
		1955599D1DE5899A005C90A5 /* MXNetWorkTool-prefix.pch */ = {isa = PBXFileReference; fileEncoding = 4; lastKnownFileType = sourcecode.c.h; path = "MXNetWorkTool-prefix.pch"; sourceTree = "<group>"; };
		19572F081DF14CAC00E342A7 /* AFHTTPSessionManager.h */ = {isa = PBXFileReference; fileEncoding = 4; lastKnownFileType = sourcecode.c.h; path = AFHTTPSessionManager.h; sourceTree = "<group>"; };
		19572F091DF14CAC00E342A7 /* AFHTTPSessionManager.m */ = {isa = PBXFileReference; fileEncoding = 4; lastKnownFileType = sourcecode.c.objc; path = AFHTTPSessionManager.m; sourceTree = "<group>"; };
		19572F0A1DF14CAC00E342A7 /* AFNetworking.h */ = {isa = PBXFileReference; fileEncoding = 4; lastKnownFileType = sourcecode.c.h; path = AFNetworking.h; sourceTree = "<group>"; };
		19572F0B1DF14CAC00E342A7 /* AFNetworkReachabilityManager.h */ = {isa = PBXFileReference; fileEncoding = 4; lastKnownFileType = sourcecode.c.h; path = AFNetworkReachabilityManager.h; sourceTree = "<group>"; };
		19572F0C1DF14CAC00E342A7 /* AFNetworkReachabilityManager.m */ = {isa = PBXFileReference; fileEncoding = 4; lastKnownFileType = sourcecode.c.objc; path = AFNetworkReachabilityManager.m; sourceTree = "<group>"; };
		19572F0D1DF14CAC00E342A7 /* AFSecurityPolicy.h */ = {isa = PBXFileReference; fileEncoding = 4; lastKnownFileType = sourcecode.c.h; path = AFSecurityPolicy.h; sourceTree = "<group>"; };
		19572F0E1DF14CAC00E342A7 /* AFSecurityPolicy.m */ = {isa = PBXFileReference; fileEncoding = 4; lastKnownFileType = sourcecode.c.objc; path = AFSecurityPolicy.m; sourceTree = "<group>"; };
		19572F0F1DF14CAC00E342A7 /* AFURLRequestSerialization.h */ = {isa = PBXFileReference; fileEncoding = 4; lastKnownFileType = sourcecode.c.h; path = AFURLRequestSerialization.h; sourceTree = "<group>"; };
		19572F101DF14CAC00E342A7 /* AFURLRequestSerialization.m */ = {isa = PBXFileReference; fileEncoding = 4; lastKnownFileType = sourcecode.c.objc; path = AFURLRequestSerialization.m; sourceTree = "<group>"; };
		19572F111DF14CAC00E342A7 /* AFURLResponseSerialization.h */ = {isa = PBXFileReference; fileEncoding = 4; lastKnownFileType = sourcecode.c.h; path = AFURLResponseSerialization.h; sourceTree = "<group>"; };
		19572F121DF14CAC00E342A7 /* AFURLResponseSerialization.m */ = {isa = PBXFileReference; fileEncoding = 4; lastKnownFileType = sourcecode.c.objc; path = AFURLResponseSerialization.m; sourceTree = "<group>"; };
		19572F131DF14CAC00E342A7 /* AFURLSessionManager.h */ = {isa = PBXFileReference; fileEncoding = 4; lastKnownFileType = sourcecode.c.h; path = AFURLSessionManager.h; sourceTree = "<group>"; };
		19572F141DF14CAC00E342A7 /* AFURLSessionManager.m */ = {isa = PBXFileReference; fileEncoding = 4; lastKnownFileType = sourcecode.c.objc; path = AFURLSessionManager.m; sourceTree = "<group>"; };
		19572F161DF14CAC00E342A7 /* AFAutoPurgingImageCache.h */ = {isa = PBXFileReference; fileEncoding = 4; lastKnownFileType = sourcecode.c.h; path = AFAutoPurgingImageCache.h; sourceTree = "<group>"; };
		19572F171DF14CAC00E342A7 /* AFAutoPurgingImageCache.m */ = {isa = PBXFileReference; fileEncoding = 4; lastKnownFileType = sourcecode.c.objc; path = AFAutoPurgingImageCache.m; sourceTree = "<group>"; };
		19572F181DF14CAC00E342A7 /* AFImageDownloader.h */ = {isa = PBXFileReference; fileEncoding = 4; lastKnownFileType = sourcecode.c.h; path = AFImageDownloader.h; sourceTree = "<group>"; };
		19572F191DF14CAC00E342A7 /* AFImageDownloader.m */ = {isa = PBXFileReference; fileEncoding = 4; lastKnownFileType = sourcecode.c.objc; path = AFImageDownloader.m; sourceTree = "<group>"; };
		19572F1A1DF14CAC00E342A7 /* AFNetworkActivityIndicatorManager.h */ = {isa = PBXFileReference; fileEncoding = 4; lastKnownFileType = sourcecode.c.h; path = AFNetworkActivityIndicatorManager.h; sourceTree = "<group>"; };
		19572F1B1DF14CAC00E342A7 /* AFNetworkActivityIndicatorManager.m */ = {isa = PBXFileReference; fileEncoding = 4; lastKnownFileType = sourcecode.c.objc; path = AFNetworkActivityIndicatorManager.m; sourceTree = "<group>"; };
		19572F1C1DF14CAC00E342A7 /* UIActivityIndicatorView+AFNetworking.h */ = {isa = PBXFileReference; fileEncoding = 4; lastKnownFileType = sourcecode.c.h; path = "UIActivityIndicatorView+AFNetworking.h"; sourceTree = "<group>"; };
		19572F1D1DF14CAC00E342A7 /* UIActivityIndicatorView+AFNetworking.m */ = {isa = PBXFileReference; fileEncoding = 4; lastKnownFileType = sourcecode.c.objc; path = "UIActivityIndicatorView+AFNetworking.m"; sourceTree = "<group>"; };
		19572F1E1DF14CAC00E342A7 /* UIButton+AFNetworking.h */ = {isa = PBXFileReference; fileEncoding = 4; lastKnownFileType = sourcecode.c.h; path = "UIButton+AFNetworking.h"; sourceTree = "<group>"; };
		19572F1F1DF14CAC00E342A7 /* UIButton+AFNetworking.m */ = {isa = PBXFileReference; fileEncoding = 4; lastKnownFileType = sourcecode.c.objc; path = "UIButton+AFNetworking.m"; sourceTree = "<group>"; };
		19572F201DF14CAC00E342A7 /* UIImage+AFNetworking.h */ = {isa = PBXFileReference; fileEncoding = 4; lastKnownFileType = sourcecode.c.h; path = "UIImage+AFNetworking.h"; sourceTree = "<group>"; };
		19572F211DF14CAC00E342A7 /* UIImageView+AFNetworking.h */ = {isa = PBXFileReference; fileEncoding = 4; lastKnownFileType = sourcecode.c.h; path = "UIImageView+AFNetworking.h"; sourceTree = "<group>"; };
		19572F221DF14CAC00E342A7 /* UIImageView+AFNetworking.m */ = {isa = PBXFileReference; fileEncoding = 4; lastKnownFileType = sourcecode.c.objc; path = "UIImageView+AFNetworking.m"; sourceTree = "<group>"; };
		19572F231DF14CAC00E342A7 /* UIKit+AFNetworking.h */ = {isa = PBXFileReference; fileEncoding = 4; lastKnownFileType = sourcecode.c.h; path = "UIKit+AFNetworking.h"; sourceTree = "<group>"; };
		19572F241DF14CAC00E342A7 /* UIProgressView+AFNetworking.h */ = {isa = PBXFileReference; fileEncoding = 4; lastKnownFileType = sourcecode.c.h; path = "UIProgressView+AFNetworking.h"; sourceTree = "<group>"; };
		19572F251DF14CAC00E342A7 /* UIProgressView+AFNetworking.m */ = {isa = PBXFileReference; fileEncoding = 4; lastKnownFileType = sourcecode.c.objc; path = "UIProgressView+AFNetworking.m"; sourceTree = "<group>"; };
		19572F261DF14CAC00E342A7 /* UIRefreshControl+AFNetworking.h */ = {isa = PBXFileReference; fileEncoding = 4; lastKnownFileType = sourcecode.c.h; path = "UIRefreshControl+AFNetworking.h"; sourceTree = "<group>"; };
		19572F271DF14CAC00E342A7 /* UIRefreshControl+AFNetworking.m */ = {isa = PBXFileReference; fileEncoding = 4; lastKnownFileType = sourcecode.c.objc; path = "UIRefreshControl+AFNetworking.m"; sourceTree = "<group>"; };
		19572F281DF14CAC00E342A7 /* UIWebView+AFNetworking.h */ = {isa = PBXFileReference; fileEncoding = 4; lastKnownFileType = sourcecode.c.h; path = "UIWebView+AFNetworking.h"; sourceTree = "<group>"; };
		19572F291DF14CAC00E342A7 /* UIWebView+AFNetworking.m */ = {isa = PBXFileReference; fileEncoding = 4; lastKnownFileType = sourcecode.c.objc; path = "UIWebView+AFNetworking.m"; sourceTree = "<group>"; };
		B1411D521DDCB42B0071AD4E /* MXNetWorkTool.app */ = {isa = PBXFileReference; explicitFileType = wrapper.application; includeInIndex = 0; path = MXNetWorkTool.app; sourceTree = BUILT_PRODUCTS_DIR; };
		B1411D561DDCB42B0071AD4E /* main.m */ = {isa = PBXFileReference; lastKnownFileType = sourcecode.c.objc; path = main.m; sourceTree = "<group>"; };
		B1411D581DDCB42B0071AD4E /* AppDelegate.h */ = {isa = PBXFileReference; lastKnownFileType = sourcecode.c.h; path = AppDelegate.h; sourceTree = "<group>"; };
		B1411D591DDCB42B0071AD4E /* AppDelegate.m */ = {isa = PBXFileReference; lastKnownFileType = sourcecode.c.objc; path = AppDelegate.m; sourceTree = "<group>"; };
		B1411D5B1DDCB42B0071AD4E /* ViewController.h */ = {isa = PBXFileReference; lastKnownFileType = sourcecode.c.h; path = ViewController.h; sourceTree = "<group>"; };
		B1411D5C1DDCB42B0071AD4E /* ViewController.m */ = {isa = PBXFileReference; lastKnownFileType = sourcecode.c.objc; path = ViewController.m; sourceTree = "<group>"; };
		B1411D5F1DDCB42B0071AD4E /* Base */ = {isa = PBXFileReference; lastKnownFileType = file.storyboard; name = Base; path = Base.lproj/Main.storyboard; sourceTree = "<group>"; };
		B1411D611DDCB42B0071AD4E /* Assets.xcassets */ = {isa = PBXFileReference; lastKnownFileType = folder.assetcatalog; path = Assets.xcassets; sourceTree = "<group>"; };
		B1411D641DDCB42B0071AD4E /* Base */ = {isa = PBXFileReference; lastKnownFileType = file.storyboard; name = Base; path = Base.lproj/LaunchScreen.storyboard; sourceTree = "<group>"; };
		B1411D661DDCB42B0071AD4E /* Info.plist */ = {isa = PBXFileReference; lastKnownFileType = text.plist.xml; path = Info.plist; sourceTree = "<group>"; };
		B1411D6B1DDCB42B0071AD4E /* MXNetWorkToolTests.xctest */ = {isa = PBXFileReference; explicitFileType = wrapper.cfbundle; includeInIndex = 0; path = MXNetWorkToolTests.xctest; sourceTree = BUILT_PRODUCTS_DIR; };
		B1411D6F1DDCB42B0071AD4E /* MXNetWorkToolTests.m */ = {isa = PBXFileReference; lastKnownFileType = sourcecode.c.objc; path = MXNetWorkToolTests.m; sourceTree = "<group>"; };
		B1411D711DDCB42B0071AD4E /* Info.plist */ = {isa = PBXFileReference; lastKnownFileType = text.plist.xml; path = Info.plist; sourceTree = "<group>"; };
		B1411D761DDCB42B0071AD4E /* MXNetWorkToolUITests.xctest */ = {isa = PBXFileReference; explicitFileType = wrapper.cfbundle; includeInIndex = 0; path = MXNetWorkToolUITests.xctest; sourceTree = BUILT_PRODUCTS_DIR; };
		B1411D7A1DDCB42B0071AD4E /* MXNetWorkToolUITests.m */ = {isa = PBXFileReference; lastKnownFileType = sourcecode.c.objc; path = MXNetWorkToolUITests.m; sourceTree = "<group>"; };
		B1411D7C1DDCB42B0071AD4E /* Info.plist */ = {isa = PBXFileReference; lastKnownFileType = text.plist.xml; path = Info.plist; sourceTree = "<group>"; };
		B1411D971DDCB46C0071AD4E /* MXNetWorkTool.h */ = {isa = PBXFileReference; fileEncoding = 4; lastKnownFileType = sourcecode.c.h; path = MXNetWorkTool.h; sourceTree = "<group>"; };
		B1411D981DDCB46C0071AD4E /* MXNetWorkTool.m */ = {isa = PBXFileReference; fileEncoding = 4; lastKnownFileType = sourcecode.c.objc; path = MXNetWorkTool.m; sourceTree = "<group>"; };
/* End PBXFileReference section */

/* Begin PBXFrameworksBuildPhase section */
		B1411D4F1DDCB42B0071AD4E /* Frameworks */ = {
			isa = PBXFrameworksBuildPhase;
			buildActionMask = 2147483647;
			files = (
			);
			runOnlyForDeploymentPostprocessing = 0;
		};
		B1411D681DDCB42B0071AD4E /* Frameworks */ = {
			isa = PBXFrameworksBuildPhase;
			buildActionMask = 2147483647;
			files = (
			);
			runOnlyForDeploymentPostprocessing = 0;
		};
		B1411D731DDCB42B0071AD4E /* Frameworks */ = {
			isa = PBXFrameworksBuildPhase;
			buildActionMask = 2147483647;
			files = (
			);
			runOnlyForDeploymentPostprocessing = 0;
		};
/* End PBXFrameworksBuildPhase section */

/* Begin PBXGroup section */
		19572F071DF14CAC00E342A7 /* AFNetworking */ = {
			isa = PBXGroup;
			children = (
				19572F081DF14CAC00E342A7 /* AFHTTPSessionManager.h */,
				19572F091DF14CAC00E342A7 /* AFHTTPSessionManager.m */,
				19572F0A1DF14CAC00E342A7 /* AFNetworking.h */,
				19572F0B1DF14CAC00E342A7 /* AFNetworkReachabilityManager.h */,
				19572F0C1DF14CAC00E342A7 /* AFNetworkReachabilityManager.m */,
				19572F0D1DF14CAC00E342A7 /* AFSecurityPolicy.h */,
				19572F0E1DF14CAC00E342A7 /* AFSecurityPolicy.m */,
				19572F0F1DF14CAC00E342A7 /* AFURLRequestSerialization.h */,
				19572F101DF14CAC00E342A7 /* AFURLRequestSerialization.m */,
				19572F111DF14CAC00E342A7 /* AFURLResponseSerialization.h */,
				19572F121DF14CAC00E342A7 /* AFURLResponseSerialization.m */,
				19572F131DF14CAC00E342A7 /* AFURLSessionManager.h */,
				19572F141DF14CAC00E342A7 /* AFURLSessionManager.m */,
			);
			path = AFNetworking;
			sourceTree = "<group>";
		};
		19572F151DF14CAC00E342A7 /* UIKit+AFNetworking */ = {
			isa = PBXGroup;
			children = (
				19572F161DF14CAC00E342A7 /* AFAutoPurgingImageCache.h */,
				19572F171DF14CAC00E342A7 /* AFAutoPurgingImageCache.m */,
				19572F181DF14CAC00E342A7 /* AFImageDownloader.h */,
				19572F191DF14CAC00E342A7 /* AFImageDownloader.m */,
				19572F1A1DF14CAC00E342A7 /* AFNetworkActivityIndicatorManager.h */,
				19572F1B1DF14CAC00E342A7 /* AFNetworkActivityIndicatorManager.m */,
				19572F1C1DF14CAC00E342A7 /* UIActivityIndicatorView+AFNetworking.h */,
				19572F1D1DF14CAC00E342A7 /* UIActivityIndicatorView+AFNetworking.m */,
				19572F1E1DF14CAC00E342A7 /* UIButton+AFNetworking.h */,
				19572F1F1DF14CAC00E342A7 /* UIButton+AFNetworking.m */,
				19572F201DF14CAC00E342A7 /* UIImage+AFNetworking.h */,
				19572F211DF14CAC00E342A7 /* UIImageView+AFNetworking.h */,
				19572F221DF14CAC00E342A7 /* UIImageView+AFNetworking.m */,
				19572F231DF14CAC00E342A7 /* UIKit+AFNetworking.h */,
				19572F241DF14CAC00E342A7 /* UIProgressView+AFNetworking.h */,
				19572F251DF14CAC00E342A7 /* UIProgressView+AFNetworking.m */,
				19572F261DF14CAC00E342A7 /* UIRefreshControl+AFNetworking.h */,
				19572F271DF14CAC00E342A7 /* UIRefreshControl+AFNetworking.m */,
				19572F281DF14CAC00E342A7 /* UIWebView+AFNetworking.h */,
				19572F291DF14CAC00E342A7 /* UIWebView+AFNetworking.m */,
			);
			path = "UIKit+AFNetworking";
			sourceTree = "<group>";
		};
		B1411D491DDCB42B0071AD4E = {
			isa = PBXGroup;
			children = (
				B1411D541DDCB42B0071AD4E /* MXNetWorkTool */,
				B1411D6E1DDCB42B0071AD4E /* MXNetWorkToolTests */,
				B1411D791DDCB42B0071AD4E /* MXNetWorkToolUITests */,
				B1411D531DDCB42B0071AD4E /* Products */,
			);
			sourceTree = "<group>";
		};
		B1411D531DDCB42B0071AD4E /* Products */ = {
			isa = PBXGroup;
			children = (
				B1411D521DDCB42B0071AD4E /* MXNetWorkTool.app */,
				B1411D6B1DDCB42B0071AD4E /* MXNetWorkToolTests.xctest */,
				B1411D761DDCB42B0071AD4E /* MXNetWorkToolUITests.xctest */,
			);
			name = Products;
			sourceTree = "<group>";
		};
		B1411D541DDCB42B0071AD4E /* MXNetWorkTool */ = {
			isa = PBXGroup;
			children = (
				19572F071DF14CAC00E342A7 /* AFNetworking */,
				19572F151DF14CAC00E342A7 /* UIKit+AFNetworking */,
				B1411D881DDCB46C0071AD4E /* MXNetWorkTool */,
				B1411D581DDCB42B0071AD4E /* AppDelegate.h */,
				B1411D591DDCB42B0071AD4E /* AppDelegate.m */,
				B1411D5B1DDCB42B0071AD4E /* ViewController.h */,
				B1411D5C1DDCB42B0071AD4E /* ViewController.m */,
				B1411D5E1DDCB42B0071AD4E /* Main.storyboard */,
				B1411D611DDCB42B0071AD4E /* Assets.xcassets */,
				B1411D631DDCB42B0071AD4E /* LaunchScreen.storyboard */,
				B1411D661DDCB42B0071AD4E /* Info.plist */,
				B1411D551DDCB42B0071AD4E /* Supporting Files */,
			);
			path = MXNetWorkTool;
			sourceTree = "<group>";
		};
		B1411D551DDCB42B0071AD4E /* Supporting Files */ = {
			isa = PBXGroup;
			children = (
				B1411D561DDCB42B0071AD4E /* main.m */,
				1955599D1DE5899A005C90A5 /* MXNetWorkTool-prefix.pch */,
			);
			name = "Supporting Files";
			sourceTree = "<group>";
		};
		B1411D6E1DDCB42B0071AD4E /* MXNetWorkToolTests */ = {
			isa = PBXGroup;
			children = (
				B1411D6F1DDCB42B0071AD4E /* MXNetWorkToolTests.m */,
				B1411D711DDCB42B0071AD4E /* Info.plist */,
			);
			path = MXNetWorkToolTests;
			sourceTree = "<group>";
		};
		B1411D791DDCB42B0071AD4E /* MXNetWorkToolUITests */ = {
			isa = PBXGroup;
			children = (
				B1411D7A1DDCB42B0071AD4E /* MXNetWorkToolUITests.m */,
				B1411D7C1DDCB42B0071AD4E /* Info.plist */,
			);
			path = MXNetWorkToolUITests;
			sourceTree = "<group>";
		};
		B1411D881DDCB46C0071AD4E /* MXNetWorkTool */ = {
			isa = PBXGroup;
			children = (
				1955599C1DE588B7005C90A5 /* MXNetConfig.h */,
				B1411D971DDCB46C0071AD4E /* MXNetWorkTool.h */,
				B1411D981DDCB46C0071AD4E /* MXNetWorkTool.m */,
			);
			path = MXNetWorkTool;
			sourceTree = "<group>";
		};
/* End PBXGroup section */

/* Begin PBXNativeTarget section */
		B1411D511DDCB42B0071AD4E /* MXNetWorkTool */ = {
			isa = PBXNativeTarget;
			buildConfigurationList = B1411D7F1DDCB42B0071AD4E /* Build configuration list for PBXNativeTarget "MXNetWorkTool" */;
			buildPhases = (
				B1411D4E1DDCB42B0071AD4E /* Sources */,
				B1411D4F1DDCB42B0071AD4E /* Frameworks */,
				B1411D501DDCB42B0071AD4E /* Resources */,
			);
			buildRules = (
			);
			dependencies = (
			);
			name = MXNetWorkTool;
			productName = MXNetWorkTool;
			productReference = B1411D521DDCB42B0071AD4E /* MXNetWorkTool.app */;
			productType = "com.apple.product-type.application";
		};
		B1411D6A1DDCB42B0071AD4E /* MXNetWorkToolTests */ = {
			isa = PBXNativeTarget;
			buildConfigurationList = B1411D821DDCB42B0071AD4E /* Build configuration list for PBXNativeTarget "MXNetWorkToolTests" */;
			buildPhases = (
				B1411D671DDCB42B0071AD4E /* Sources */,
				B1411D681DDCB42B0071AD4E /* Frameworks */,
				B1411D691DDCB42B0071AD4E /* Resources */,
			);
			buildRules = (
			);
			dependencies = (
				B1411D6D1DDCB42B0071AD4E /* PBXTargetDependency */,
			);
			name = MXNetWorkToolTests;
			productName = MXNetWorkToolTests;
			productReference = B1411D6B1DDCB42B0071AD4E /* MXNetWorkToolTests.xctest */;
			productType = "com.apple.product-type.bundle.unit-test";
		};
		B1411D751DDCB42B0071AD4E /* MXNetWorkToolUITests */ = {
			isa = PBXNativeTarget;
			buildConfigurationList = B1411D851DDCB42B0071AD4E /* Build configuration list for PBXNativeTarget "MXNetWorkToolUITests" */;
			buildPhases = (
				B1411D721DDCB42B0071AD4E /* Sources */,
				B1411D731DDCB42B0071AD4E /* Frameworks */,
				B1411D741DDCB42B0071AD4E /* Resources */,
			);
			buildRules = (
			);
			dependencies = (
				B1411D781DDCB42B0071AD4E /* PBXTargetDependency */,
			);
			name = MXNetWorkToolUITests;
			productName = MXNetWorkToolUITests;
			productReference = B1411D761DDCB42B0071AD4E /* MXNetWorkToolUITests.xctest */;
			productType = "com.apple.product-type.bundle.ui-testing";
		};
/* End PBXNativeTarget section */

/* Begin PBXProject section */
		B1411D4A1DDCB42B0071AD4E /* Project object */ = {
			isa = PBXProject;
			attributes = {
				LastUpgradeCheck = 0810;
				ORGANIZATIONNAME = lyoniOS;
				TargetAttributes = {
					B1411D511DDCB42B0071AD4E = {
						CreatedOnToolsVersion = 8.1;
						DevelopmentTeam = SF37794JEV;
						ProvisioningStyle = Automatic;
					};
					B1411D6A1DDCB42B0071AD4E = {
						CreatedOnToolsVersion = 8.1;
						DevelopmentTeam = 34F29W6ARY;
						ProvisioningStyle = Automatic;
						TestTargetID = B1411D511DDCB42B0071AD4E;
					};
					B1411D751DDCB42B0071AD4E = {
						CreatedOnToolsVersion = 8.1;
						DevelopmentTeam = 34F29W6ARY;
						ProvisioningStyle = Automatic;
						TestTargetID = B1411D511DDCB42B0071AD4E;
					};
				};
			};
			buildConfigurationList = B1411D4D1DDCB42B0071AD4E /* Build configuration list for PBXProject "MXNetWorkTool" */;
			compatibilityVersion = "Xcode 3.2";
			developmentRegion = English;
			hasScannedForEncodings = 0;
			knownRegions = (
				en,
				Base,
			);
			mainGroup = B1411D491DDCB42B0071AD4E;
			productRefGroup = B1411D531DDCB42B0071AD4E /* Products */;
			projectDirPath = "";
			projectRoot = "";
			targets = (
				B1411D511DDCB42B0071AD4E /* MXNetWorkTool */,
				B1411D6A1DDCB42B0071AD4E /* MXNetWorkToolTests */,
				B1411D751DDCB42B0071AD4E /* MXNetWorkToolUITests */,
			);
		};
/* End PBXProject section */

/* Begin PBXResourcesBuildPhase section */
		B1411D501DDCB42B0071AD4E /* Resources */ = {
			isa = PBXResourcesBuildPhase;
			buildActionMask = 2147483647;
			files = (
				B1411D651DDCB42B0071AD4E /* LaunchScreen.storyboard in Resources */,
				B1411D621DDCB42B0071AD4E /* Assets.xcassets in Resources */,
				B1411D601DDCB42B0071AD4E /* Main.storyboard in Resources */,
			);
			runOnlyForDeploymentPostprocessing = 0;
		};
		B1411D691DDCB42B0071AD4E /* Resources */ = {
			isa = PBXResourcesBuildPhase;
			buildActionMask = 2147483647;
			files = (
			);
			runOnlyForDeploymentPostprocessing = 0;
		};
		B1411D741DDCB42B0071AD4E /* Resources */ = {
			isa = PBXResourcesBuildPhase;
			buildActionMask = 2147483647;
			files = (
			);
			runOnlyForDeploymentPostprocessing = 0;
		};
/* End PBXResourcesBuildPhase section */

/* Begin PBXSourcesBuildPhase section */
		B1411D4E1DDCB42B0071AD4E /* Sources */ = {
			isa = PBXSourcesBuildPhase;
			buildActionMask = 2147483647;
			files = (
				19572F2C1DF14CAC00E342A7 /* AFSecurityPolicy.m in Sources */,
				19572F2E1DF14CAC00E342A7 /* AFURLResponseSerialization.m in Sources */,
				B1411D5D1DDCB42B0071AD4E /* ViewController.m in Sources */,
				B1411D5A1DDCB42B0071AD4E /* AppDelegate.m in Sources */,
				19572F2A1DF14CAC00E342A7 /* AFHTTPSessionManager.m in Sources */,
				19572F2F1DF14CAC00E342A7 /* AFURLSessionManager.m in Sources */,
				19572F331DF14CAC00E342A7 /* UIActivityIndicatorView+AFNetworking.m in Sources */,
				B1411D571DDCB42B0071AD4E /* main.m in Sources */,
				19572F361DF14CAC00E342A7 /* UIProgressView+AFNetworking.m in Sources */,
				19572F2B1DF14CAC00E342A7 /* AFNetworkReachabilityManager.m in Sources */,
				B1411DB41DDCB46C0071AD4E /* MXNetWorkTool.m in Sources */,
				19572F321DF14CAC00E342A7 /* AFNetworkActivityIndicatorManager.m in Sources */,
				19572F351DF14CAC00E342A7 /* UIImageView+AFNetworking.m in Sources */,
				19572F341DF14CAC00E342A7 /* UIButton+AFNetworking.m in Sources */,
				19572F371DF14CAC00E342A7 /* UIRefreshControl+AFNetworking.m in Sources */,
				19572F381DF14CAC00E342A7 /* UIWebView+AFNetworking.m in Sources */,
				19572F2D1DF14CAC00E342A7 /* AFURLRequestSerialization.m in Sources */,
				19572F301DF14CAC00E342A7 /* AFAutoPurgingImageCache.m in Sources */,
				19572F311DF14CAC00E342A7 /* AFImageDownloader.m in Sources */,
			);
			runOnlyForDeploymentPostprocessing = 0;
		};
		B1411D671DDCB42B0071AD4E /* Sources */ = {
			isa = PBXSourcesBuildPhase;
			buildActionMask = 2147483647;
			files = (
				B1411D701DDCB42B0071AD4E /* MXNetWorkToolTests.m in Sources */,
			);
			runOnlyForDeploymentPostprocessing = 0;
		};
		B1411D721DDCB42B0071AD4E /* Sources */ = {
			isa = PBXSourcesBuildPhase;
			buildActionMask = 2147483647;
			files = (
				B1411D7B1DDCB42B0071AD4E /* MXNetWorkToolUITests.m in Sources */,
			);
			runOnlyForDeploymentPostprocessing = 0;
		};
/* End PBXSourcesBuildPhase section */

/* Begin PBXTargetDependency section */
		B1411D6D1DDCB42B0071AD4E /* PBXTargetDependency */ = {
			isa = PBXTargetDependency;
			target = B1411D511DDCB42B0071AD4E /* MXNetWorkTool */;
			targetProxy = B1411D6C1DDCB42B0071AD4E /* PBXContainerItemProxy */;
		};
		B1411D781DDCB42B0071AD4E /* PBXTargetDependency */ = {
			isa = PBXTargetDependency;
			target = B1411D511DDCB42B0071AD4E /* MXNetWorkTool */;
			targetProxy = B1411D771DDCB42B0071AD4E /* PBXContainerItemProxy */;
		};
/* End PBXTargetDependency section */

/* Begin PBXVariantGroup section */
		B1411D5E1DDCB42B0071AD4E /* Main.storyboard */ = {
			isa = PBXVariantGroup;
			children = (
				B1411D5F1DDCB42B0071AD4E /* Base */,
			);
			name = Main.storyboard;
			sourceTree = "<group>";
		};
		B1411D631DDCB42B0071AD4E /* LaunchScreen.storyboard */ = {
			isa = PBXVariantGroup;
			children = (
				B1411D641DDCB42B0071AD4E /* Base */,
			);
			name = LaunchScreen.storyboard;
			sourceTree = "<group>";
		};
/* End PBXVariantGroup section */

/* Begin XCBuildConfiguration section */
		B1411D7D1DDCB42B0071AD4E /* Debug */ = {
			isa = XCBuildConfiguration;
			buildSettings = {
				ALWAYS_SEARCH_USER_PATHS = NO;
				CLANG_ANALYZER_NONNULL = YES;
				CLANG_CXX_LANGUAGE_STANDARD = "gnu++0x";
				CLANG_CXX_LIBRARY = "libc++";
				CLANG_ENABLE_MODULES = YES;
				CLANG_ENABLE_OBJC_ARC = YES;
				CLANG_WARN_BOOL_CONVERSION = YES;
				CLANG_WARN_CONSTANT_CONVERSION = YES;
				CLANG_WARN_DIRECT_OBJC_ISA_USAGE = YES_ERROR;
				CLANG_WARN_DOCUMENTATION_COMMENTS = YES;
				CLANG_WARN_EMPTY_BODY = YES;
				CLANG_WARN_ENUM_CONVERSION = YES;
				CLANG_WARN_INFINITE_RECURSION = YES;
				CLANG_WARN_INT_CONVERSION = YES;
				CLANG_WARN_OBJC_ROOT_CLASS = YES_ERROR;
				CLANG_WARN_SUSPICIOUS_MOVES = YES;
				CLANG_WARN_UNREACHABLE_CODE = YES;
				CLANG_WARN__DUPLICATE_METHOD_MATCH = YES;
				"CODE_SIGN_IDENTITY[sdk=iphoneos*]" = "iPhone Developer";
				COPY_PHASE_STRIP = NO;
				DEBUG_INFORMATION_FORMAT = dwarf;
				ENABLE_STRICT_OBJC_MSGSEND = YES;
				ENABLE_TESTABILITY = YES;
				GCC_C_LANGUAGE_STANDARD = gnu99;
				GCC_DYNAMIC_NO_PIC = NO;
				GCC_NO_COMMON_BLOCKS = YES;
				GCC_OPTIMIZATION_LEVEL = 0;
				GCC_PREPROCESSOR_DEFINITIONS = (
					"DEBUG=1",
					"$(inherited)",
				);
				GCC_WARN_64_TO_32_BIT_CONVERSION = YES;
				GCC_WARN_ABOUT_RETURN_TYPE = YES_ERROR;
				GCC_WARN_UNDECLARED_SELECTOR = YES;
				GCC_WARN_UNINITIALIZED_AUTOS = YES_AGGRESSIVE;
				GCC_WARN_UNUSED_FUNCTION = YES;
				GCC_WARN_UNUSED_VARIABLE = YES;
				IPHONEOS_DEPLOYMENT_TARGET = 10.1;
				MTL_ENABLE_DEBUG_INFO = YES;
				ONLY_ACTIVE_ARCH = YES;
				SDKROOT = iphoneos;
				TARGETED_DEVICE_FAMILY = "1,2";
			};
			name = Debug;
		};
		B1411D7E1DDCB42B0071AD4E /* Release */ = {
			isa = XCBuildConfiguration;
			buildSettings = {
				ALWAYS_SEARCH_USER_PATHS = NO;
				CLANG_ANALYZER_NONNULL = YES;
				CLANG_CXX_LANGUAGE_STANDARD = "gnu++0x";
				CLANG_CXX_LIBRARY = "libc++";
				CLANG_ENABLE_MODULES = YES;
				CLANG_ENABLE_OBJC_ARC = YES;
				CLANG_WARN_BOOL_CONVERSION = YES;
				CLANG_WARN_CONSTANT_CONVERSION = YES;
				CLANG_WARN_DIRECT_OBJC_ISA_USAGE = YES_ERROR;
				CLANG_WARN_DOCUMENTATION_COMMENTS = YES;
				CLANG_WARN_EMPTY_BODY = YES;
				CLANG_WARN_ENUM_CONVERSION = YES;
				CLANG_WARN_INFINITE_RECURSION = YES;
				CLANG_WARN_INT_CONVERSION = YES;
				CLANG_WARN_OBJC_ROOT_CLASS = YES_ERROR;
				CLANG_WARN_SUSPICIOUS_MOVES = YES;
				CLANG_WARN_UNREACHABLE_CODE = YES;
				CLANG_WARN__DUPLICATE_METHOD_MATCH = YES;
				"CODE_SIGN_IDENTITY[sdk=iphoneos*]" = "iPhone Developer";
				COPY_PHASE_STRIP = NO;
				DEBUG_INFORMATION_FORMAT = "dwarf-with-dsym";
				ENABLE_NS_ASSERTIONS = NO;
				ENABLE_STRICT_OBJC_MSGSEND = YES;
				GCC_C_LANGUAGE_STANDARD = gnu99;
				GCC_NO_COMMON_BLOCKS = YES;
				GCC_WARN_64_TO_32_BIT_CONVERSION = YES;
				GCC_WARN_ABOUT_RETURN_TYPE = YES_ERROR;
				GCC_WARN_UNDECLARED_SELECTOR = YES;
				GCC_WARN_UNINITIALIZED_AUTOS = YES_AGGRESSIVE;
				GCC_WARN_UNUSED_FUNCTION = YES;
				GCC_WARN_UNUSED_VARIABLE = YES;
				IPHONEOS_DEPLOYMENT_TARGET = 10.1;
				MTL_ENABLE_DEBUG_INFO = NO;
				SDKROOT = iphoneos;
				TARGETED_DEVICE_FAMILY = "1,2";
				VALIDATE_PRODUCT = YES;
			};
			name = Release;
		};
		B1411D801DDCB42B0071AD4E /* Debug */ = {
			isa = XCBuildConfiguration;
			buildSettings = {
				ASSETCATALOG_COMPILER_APPICON_NAME = AppIcon;
				DEVELOPMENT_TEAM = SF37794JEV;
				GCC_PRECOMPILE_PREFIX_HEADER = YES;
				GCC_PREFIX_HEADER = "MXNetWorkTool/MXNetWorkTool-prefix.pch";
				INFOPLIST_FILE = MXNetWorkTool/Info.plist;
				IPHONEOS_DEPLOYMENT_TARGET = 8.0;
				LD_RUNPATH_SEARCH_PATHS = "$(inherited) @executable_path/Frameworks";
				PRODUCT_BUNDLE_IDENTIFIER = lyoniOS.MXNetWorkTool;
				PRODUCT_NAME = "$(TARGET_NAME)";
			};
			name = Debug;
		};
		B1411D811DDCB42B0071AD4E /* Release */ = {
			isa = XCBuildConfiguration;
			buildSettings = {
				ASSETCATALOG_COMPILER_APPICON_NAME = AppIcon;
				DEVELOPMENT_TEAM = SF37794JEV;
				GCC_PRECOMPILE_PREFIX_HEADER = YES;
				GCC_PREFIX_HEADER = "MXNetWorkTool/MXNetWorkTool-prefix.pch";
				INFOPLIST_FILE = MXNetWorkTool/Info.plist;
				IPHONEOS_DEPLOYMENT_TARGET = 8.0;
				LD_RUNPATH_SEARCH_PATHS = "$(inherited) @executable_path/Frameworks";
				PRODUCT_BUNDLE_IDENTIFIER = lyoniOS.MXNetWorkTool;
				PRODUCT_NAME = "$(TARGET_NAME)";
			};
			name = Release;
		};
		B1411D831DDCB42B0071AD4E /* Debug */ = {
			isa = XCBuildConfiguration;
			buildSettings = {
				BUNDLE_LOADER = "$(TEST_HOST)";
				DEVELOPMENT_TEAM = 34F29W6ARY;
				INFOPLIST_FILE = MXNetWorkToolTests/Info.plist;
				LD_RUNPATH_SEARCH_PATHS = "$(inherited) @executable_path/Frameworks @loader_path/Frameworks";
				PRODUCT_BUNDLE_IDENTIFIER = lyoniOS.MXNetWorkToolTests;
				PRODUCT_NAME = "$(TARGET_NAME)";
				TEST_HOST = "$(BUILT_PRODUCTS_DIR)/MXNetWorkTool.app/MXNetWorkTool";
			};
			name = Debug;
		};
		B1411D841DDCB42B0071AD4E /* Release */ = {
			isa = XCBuildConfiguration;
			buildSettings = {
				BUNDLE_LOADER = "$(TEST_HOST)";
				DEVELOPMENT_TEAM = 34F29W6ARY;
				INFOPLIST_FILE = MXNetWorkToolTests/Info.plist;
				LD_RUNPATH_SEARCH_PATHS = "$(inherited) @executable_path/Frameworks @loader_path/Frameworks";
				PRODUCT_BUNDLE_IDENTIFIER = lyoniOS.MXNetWorkToolTests;
				PRODUCT_NAME = "$(TARGET_NAME)";
				TEST_HOST = "$(BUILT_PRODUCTS_DIR)/MXNetWorkTool.app/MXNetWorkTool";
			};
			name = Release;
		};
		B1411D861DDCB42B0071AD4E /* Debug */ = {
			isa = XCBuildConfiguration;
			buildSettings = {
				DEVELOPMENT_TEAM = 34F29W6ARY;
				INFOPLIST_FILE = MXNetWorkToolUITests/Info.plist;
				LD_RUNPATH_SEARCH_PATHS = "$(inherited) @executable_path/Frameworks @loader_path/Frameworks";
				PRODUCT_BUNDLE_IDENTIFIER = lyoniOS.MXNetWorkToolUITests;
				PRODUCT_NAME = "$(TARGET_NAME)";
				TEST_TARGET_NAME = MXNetWorkTool;
			};
			name = Debug;
		};
		B1411D871DDCB42B0071AD4E /* Release */ = {
			isa = XCBuildConfiguration;
			buildSettings = {
				DEVELOPMENT_TEAM = 34F29W6ARY;
				INFOPLIST_FILE = MXNetWorkToolUITests/Info.plist;
				LD_RUNPATH_SEARCH_PATHS = "$(inherited) @executable_path/Frameworks @loader_path/Frameworks";
				PRODUCT_BUNDLE_IDENTIFIER = lyoniOS.MXNetWorkToolUITests;
				PRODUCT_NAME = "$(TARGET_NAME)";
				TEST_TARGET_NAME = MXNetWorkTool;
			};
			name = Release;
		};
/* End XCBuildConfiguration section */

/* Begin XCConfigurationList section */
		B1411D4D1DDCB42B0071AD4E /* Build configuration list for PBXProject "MXNetWorkTool" */ = {
			isa = XCConfigurationList;
			buildConfigurations = (
				B1411D7D1DDCB42B0071AD4E /* Debug */,
				B1411D7E1DDCB42B0071AD4E /* Release */,
			);
			defaultConfigurationIsVisible = 0;
			defaultConfigurationName = Release;
		};
		B1411D7F1DDCB42B0071AD4E /* Build configuration list for PBXNativeTarget "MXNetWorkTool" */ = {
			isa = XCConfigurationList;
			buildConfigurations = (
				B1411D801DDCB42B0071AD4E /* Debug */,
				B1411D811DDCB42B0071AD4E /* Release */,
			);
			defaultConfigurationIsVisible = 0;
			defaultConfigurationName = Release;
		};
		B1411D821DDCB42B0071AD4E /* Build configuration list for PBXNativeTarget "MXNetWorkToolTests" */ = {
			isa = XCConfigurationList;
			buildConfigurations = (
				B1411D831DDCB42B0071AD4E /* Debug */,
				B1411D841DDCB42B0071AD4E /* Release */,
			);
			defaultConfigurationIsVisible = 0;
			defaultConfigurationName = Release;
		};
		B1411D851DDCB42B0071AD4E /* Build configuration list for PBXNativeTarget "MXNetWorkToolUITests" */ = {
			isa = XCConfigurationList;
			buildConfigurations = (
				B1411D861DDCB42B0071AD4E /* Debug */,
				B1411D871DDCB42B0071AD4E /* Release */,
			);
			defaultConfigurationIsVisible = 0;
			defaultConfigurationName = Release;
		};
/* End XCConfigurationList section */
	};
	rootObject = B1411D4A1DDCB42B0071AD4E /* Project object */;
}
